
Microsoft Visual Studio Solution File, Format Version 12.00
# Visual Studio Version 17
VisualStudioVersion = 17.5.33502.453
MinimumVisualStudioVersion = 10.0.40219.1
Project("{FAE04EC0-301F-11D3-BF4B-00C04F79EFBC}") = "PertNET", "PertNET\PertNET.csproj", "{3D6E9A81-93C8-4800-8C7B-0EC990FD7AF4}"
EndProject
Project("{FAE04EC0-301F-11D3-BF4B-00C04F79EFBC}") = "PerlNET.Version", "PerlNET.Version\PerlNET.Version.csproj", "{E0CE24F2-1CCF-4AEC-AAA1-DFC3CECCD2FD}"
EndProject
Project("{2150E333-8FDC-42A3-9474-1A3956D46DE8}") = "_Lib", "_Lib", "{BB58042F-BF04-4882-BC27-1EE9A1B984D1}"
	ProjectSection(SolutionItems) = preProject
		_Lib\EasyPrototypingNET.dll = _Lib\EasyPrototypingNET.dll
	EndProjectSection
EndProject
Project("{FAE04EC0-301F-11D3-BF4B-00C04F79EFBC}") = "PertNET.Data", "PertNET.Data\PertNET.Data.csproj", "{BF4A52F1-3CC1-4011-9472-9CDD8F3F9405}"
EndProject
Global
	GlobalSection(SolutionConfigurationPlatforms) = preSolution
		Debug|Any CPU = Debug|Any CPU
		Release|Any CPU = Release|Any CPU
	EndGlobalSection
	GlobalSection(ProjectConfigurationPlatforms) = postSolution
		{3D6E9A81-93C8-4800-8C7B-0EC990FD7AF4}.Debug|Any CPU.ActiveCfg = Debug|Any CPU
		{3D6E9A81-93C8-4800-8C7B-0EC990FD7AF4}.Debug|Any CPU.Build.0 = Debug|Any CPU
		{3D6E9A81-93C8-4800-8C7B-0EC990FD7AF4}.Release|Any CPU.ActiveCfg = Release|Any CPU
		{3D6E9A81-93C8-4800-8C7B-0EC990FD7AF4}.Release|Any CPU.Build.0 = Release|Any CPU
		{E0CE24F2-1CCF-4AEC-AAA1-DFC3CECCD2FD}.Debug|Any CPU.ActiveCfg = Debug|Any CPU
		{E0CE24F2-1CCF-4AEC-AAA1-DFC3CECCD2FD}.Debug|Any CPU.Build.0 = Debug|Any CPU
		{E0CE24F2-1CCF-4AEC-AAA1-DFC3CECCD2FD}.Release|Any CPU.ActiveCfg = Release|Any CPU
		{E0CE24F2-1CCF-4AEC-AAA1-DFC3CECCD2FD}.Release|Any CPU.Build.0 = Release|Any CPU
		{BF4A52F1-3CC1-4011-9472-9CDD8F3F9405}.Debug|Any CPU.ActiveCfg = Debug|Any CPU
		{BF4A52F1-3CC1-4011-9472-9CDD8F3F9405}.Debug|Any CPU.Build.0 = Debug|Any CPU
		{BF4A52F1-3CC1-4011-9472-9CDD8F3F9405}.Release|Any CPU.ActiveCfg = Release|Any CPU
		{BF4A52F1-3CC1-4011-9472-9CDD8F3F9405}.Release|Any CPU.Build.0 = Release|Any CPU
	EndGlobalSection
	GlobalSection(SolutionProperties) = preSolution
		HideSolutionNode = FALSE
	EndGlobalSection
	GlobalSection(ExtensibilityGlobals) = postSolution
		SolutionGuid = {85530D0B-0AEF-4040-97AC-1F526176DD14}
	EndGlobalSection
EndGlobal
